{
  "version": 1,
  "dependencies": {
    ".NETFramework,Version=v4.8": {
      "CommunityToolkit.Mvvm": {
        "type": "Direct",
        "requested": "[8.4.2, )",
        "resolved": "8.4.2",
        "contentHash": "WadCzGEc2U+3e20avRLng4qNtt4zoOGWrdUISqJWrHe3/FSnrYjuM5Sb4yQb09LhkBXrrI4Zt3dLKgRMbItsrg==",
        "dependencies": {
          "Microsoft.Bcl.AsyncInterfaces": "10.0.1",
          "System.ComponentModel.Annotations": "5.0.0",
          "System.Memory": "4.6.3",
          "System.Runtime.CompilerServices.Unsafe": "6.1.2"
        }
      },
      "ElementalAnnotations-Dualism": {
        "type": "Direct",
        "requested": "[1.0.2, )",
        "resolved": "1.0.2",
        "contentHash": "m3mDrYzn8x0YIYHtqML6Lz+7kOuS4M46k4CYCvDpwGHEVwcnedKEKG2e9OBnZwjPraH+51ERnsdC7dVetHx3jw==",
        "dependencies": {
          "ElementalAnnotations-Dark": "1.0.2",
          "ElementalAnnotations-Light": "1.0.2"
        }
      },
      "JetBrains.Annotations": {
        "type": "Direct",
        "requested": "[2026.2.0, )",
        "resolved": "2026.2.0",
        "contentHash": "drvAEaI7Xf4wU6dx4UTB9MoZWXZlraaQ0qoeThPQ411FxNhId7QdUTukIC9I8aUHP0ycAaGwZNKqSvfOZQvUlg=="
      },
      "Microsoft.CSharp": {
        "type": "Direct",
        "requested": "[4.7.0, )",
        "resolved": "4.7.0",
        "contentHash": "pTj+D3uJWyN3My70i2Hqo+OXixq3Os2D1nJ2x92FFo6sk8fYS1m1WLNTs0Dc1uPaViH0YvEEwvzddQ7y4rhXmA=="
      },
      "Microsoft.Xaml.Behaviors.Wpf": {
        "type": "Direct",
        "requested": "[1.1.161, )",
        "resolved": "1.1.161",
        "contentHash": "V20pH5zYDm6RPjqASdDiidUckWreGntPwDx1YUEMXiRqMVSHvypAiwSeET3ZwoJbFLMTsXXxqsoyhkNOB3Vp4Q=="
      },
      "System.Data.DataSetExtensions": {
        "type": "Direct",
        "requested": "[4.5.0, )",
        "resolved": "4.5.0",
        "contentHash": "221clPs1445HkTBZPL+K9sDBdJRB8UN8rgjO3ztB0CQ26z//fmJXtlsr6whGatscsKGBrhJl5bwJuKSA8mwFOw=="
      },
      "System.Diagnostics.DiagnosticSource": {
        "type": "Direct",
        "requested": "[10.0.12, )",
        "resolved": "10.0.12",
        "contentHash": "CRZTWYO0rzEcJN/6SuN1kMvQOJT7vyHZ64CCkQs0RRWTj7kH2KMkaMalbsbSI/eg5dS5JAQfQFFuuWgn+XRMsQ==",
        "dependencies": {
          "System.Memory": "4.6.3",
          "System.Runtime.CompilerServices.Unsafe": "6.1.2"
        }
      },
      "System.Management": {
        "type": "Direct",
        "requested": "[10.0.12, )",
        "resolved": "10.0.12",
        "contentHash": "ApUsYmsNG8aPiMxsO6ROGZnqJwSZY8zeMlAQcuQg+ilPFUcIyBUC0BL8qA6wmPLNVsvL4nyhUrhhxh6qn0cx0Q==",
        "dependencies": {
          "System.CodeDom": "10.0.12"
        }
      },
      "ElementalAnnotations-Core": {
        "type": "Transitive",
        "resolved": "1.0.1",
        "contentHash": "W77LAM2iqoVGd0OV38XYM49d8+Kv1Xo+VSvl7TIxgrEmlC15h3t3gEsQfbhH+KihplmtvEaPz0SH2oMXTgzx5w=="
      },
      "ElementalAnnotations-Dark": {
        "type": "Transitive",
        "resolved": "1.0.2",
        "contentHash": "wCeny2x4CQ4ZH4UQcp1xChz97q3U82/pBOWeV/tbp90qjvs7jODtA775Ez0MT8OJnQtCv602kY9ZV2IXz38H/w==",
        "dependencies": {
          "ElementalAnnotations-Core": "1.0.1"
        }
      },
      "ElementalAnnotations-Light": {
        "type": "Transitive",
        "resolved": "1.0.2",
        "contentHash": "ErHZNGBhPd7CmTgwpS3DI5dqNOcFKvmsR2vEo0L8te+14bdM5ZR3vfspOvCgHytC16HF1k3wuoLBF8p+iVfoiw==",
        "dependencies": {
          "ElementalAnnotations-Core": "1.0.1"
        }
      },
      "Microsoft.Bcl.AsyncInterfaces": {
        "type": "Transitive",
        "resolved": "10.0.1",
        "contentHash": "E1HSLkPHXEO30JEij2pWbOuzz1Z5ND4a5l7IP1T2RgQuE0a0NzEIvtO64RNy3Otn6PFezbT80cfm3M/Cgt70PA==",
        "dependencies": {
          "System.Threading.Tasks.Extensions": "4.6.3"
        }
      },
      "System.Buffers": {
        "type": "Transitive",
        "resolved": "4.6.1",
        "contentHash": "N8GXpmiLMtljq7gwvyS+1QvKT/W2J8sNAvx+HVg4NGmsG/H+2k/y9QI23auLJRterrzCiDH+IWAw4V/GPwsMlw=="
      },
      "System.CodeDom": {
        "type": "Transitive",
        "resolved": "10.0.12",
        "contentHash": "Kk3yEavoGHXCAFTLLegxztgSdj24JrkAHelwgWnu+YMFxezcU2DbABEOOIMdy04PExUtKQtlazaKqo0qSa1X6A=="
      },
      "System.ComponentModel.Annotations": {
        "type": "Transitive",
        "resolved": "5.0.0",
        "contentHash": "dMkqfy2el8A8/I76n2Hi1oBFEbG1SfxD2l5nhwXV3XjlnOmwxJlQbYpJH4W51odnU9sARCSAgv7S3CyAFMkpYg=="
      },
      "System.Memory": {
        "type": "Transitive",
        "resolved": "4.6.3",
        "contentHash": "qdcDOgnFZY40+Q9876JUHnlHu7bosOHX8XISRoH94fwk6hgaeQGSgfZd8srWRZNt5bV9ZW2TljcegDNxsf+96A==",
        "dependencies": {
          "System.Buffers": "4.6.1",
          "System.Numerics.Vectors": "4.6.1",
          "System.Runtime.CompilerServices.Unsafe": "6.1.2"
        }
      },
      "System.Numerics.Vectors": {
        "type": "Transitive",
        "resolved": "4.6.1",
        "contentHash": "sQxefTnhagrhoq2ReR0D/6K0zJcr9Hrd6kikeXsA1I8kOCboTavcUC4r7TSfpKFeE163uMuxZcyfO1mGO3EN8Q=="
      },
      "System.Runtime.CompilerServices.Unsafe": {
        "type": "Transitive",
        "resolved": "6.1.2",
        "contentHash": "2hBr6zdbIBTDE3EhK7NSVNdX58uTK6iHW/P/Axmm9sl1xoGSLqDvMtpecn226TNwHByFokYwJmt/aQQNlO5CRw=="
      },
      "System.Threading.Tasks.Extensions": {
        "type": "Transitive",
        "resolved": "4.6.3",
        "contentHash": "7sCiwilJLYbTZELaKnc7RecBBXWXA+xMLQWZKWawBxYjp6DBlSE3v9/UcvKBvr1vv2tTOhipiogM8rRmxlhrVA==",
        "dependencies": {
          "System.Runtime.CompilerServices.Unsafe": "6.1.2"
        }
      },
      "sylphyhorn.core": {
        "type": "Project"
      },
      "virtualdesktop": {
        "type": "Project"
      },
      "virtualdesktop.wpf": {
        "type": "Project",
        "dependencies": {
          "VirtualDesktop": "[4.0.1, )"
        }
      }
    },
    ".NETFramework,Version=v4.8/win-arm64": {},
    ".NETFramework,Version=v4.8/win-x64": {},
    ".NETFramework,Version=v4.8/win-x86": {},
    "net10.0-windows10.0.26100": {
      "CommunityToolkit.Mvvm": {
        "type": "Direct",
        "requested": "[8.4.2, )",
        "resolved": "8.4.2",
        "contentHash": "WadCzGEc2U+3e20avRLng4qNtt4zoOGWrdUISqJWrHe3/FSnrYjuM5Sb4yQb09LhkBXrrI4Zt3dLKgRMbItsrg=="
      },
      "ElementalAnnotations-Dualism": {
        "type": "Direct",
        "requested": "[1.0.2, )",
        "resolved": "1.0.2",
        "contentHash": "m3mDrYzn8x0YIYHtqML6Lz+7kOuS4M46k4CYCvDpwGHEVwcnedKEKG2e9OBnZwjPraH+51ERnsdC7dVetHx3jw==",
        "dependencies": {
          "ElementalAnnotations-Dark": "1.0.2",
          "ElementalAnnotations-Light": "1.0.2"
        }
      },
      "JetBrains.Annotations": {
        "type": "Direct",
        "requested": "[2026.2.0, )",
        "resolved": "2026.2.0",
        "contentHash": "drvAEaI7Xf4wU6dx4UTB9MoZWXZlraaQ0qoeThPQ411FxNhId7QdUTukIC9I8aUHP0ycAaGwZNKqSvfOZQvUlg=="
      },
      "Microsoft.CSharp": {
        "type": "Direct",
        "requested": "[4.7.0, )",
        "resolved": "4.7.0",
        "contentHash": "pTj+D3uJWyN3My70i2Hqo+OXixq3Os2D1nJ2x92FFo6sk8fYS1m1WLNTs0Dc1uPaViH0YvEEwvzddQ7y4rhXmA=="
      },
      "Microsoft.Xaml.Behaviors.Wpf": {
        "type": "Direct",
        "requested": "[1.1.161, )",
        "resolved": "1.1.161",
        "contentHash": "V20pH5zYDm6RPjqASdDiidUckWreGntPwDx1YUEMXiRqMVSHvypAiwSeET3ZwoJbFLMTsXXxqsoyhkNOB3Vp4Q=="
      },
      "System.Data.DataSetExtensions": {
        "type": "Direct",
        "requested": "[4.5.0, )",
        "resolved": "4.5.0",
        "contentHash": "221clPs1445HkTBZPL+K9sDBdJRB8UN8rgjO3ztB0CQ26z//fmJXtlsr6whGatscsKGBrhJl5bwJuKSA8mwFOw=="
      },
      "System.Diagnostics.DiagnosticSource": {
        "type": "Direct",
        "requested": "[10.0.12, )",
        "resolved": "10.0.12",
        "contentHash": "CRZTWYO0rzEcJN/6SuN1kMvQOJT7vyHZ64CCkQs0RRWTj7kH2KMkaMalbsbSI/eg5dS5JAQfQFFuuWgn+XRMsQ=="
      },
      "System.Management": {
        "type": "Direct",
        "requested": "[10.0.12, )",
        "resolved": "10.0.12",
        "contentHash": "ApUsYmsNG8aPiMxsO6ROGZnqJwSZY8zeMlAQcuQg+ilPFUcIyBUC0BL8qA6wmPLNVsvL4nyhUrhhxh6qn0cx0Q=="
      },
      "Tavis.UriTemplates": {
        "type": "Direct",
        "requested": "[2.0.0, )",
        "resolved": "2.0.0",
        "contentHash": "GbetWNcPIaXvWtanHlBqlEp2KflFrsJf8RBNXmI8Yyeft9CSGxNrcsoKWEiEzyrn7gGVQ25ZC6ep9UfWPR0Otw=="
      },
      "ElementalAnnotations-Core": {
        "type": "Transitive",
        "resolved": "1.0.1",
        "contentHash": "W77LAM2iqoVGd0OV38XYM49d8+Kv1Xo+VSvl7TIxgrEmlC15h3t3gEsQfbhH+KihplmtvEaPz0SH2oMXTgzx5w=="
      },
      "ElementalAnnotations-Dark": {
        "type": "Transitive",
        "resolved": "1.0.2",
        "contentHash": "wCeny2x4CQ4ZH4UQcp1xChz97q3U82/pBOWeV/tbp90qjvs7jODtA775Ez0MT8OJnQtCv602kY9ZV2IXz38H/w==",
        "dependencies": {
          "ElementalAnnotations-Core": "1.0.1"
        }
      },
      "ElementalAnnotations-Light": {
        "type": "Transitive",
        "resolved": "1.0.2",
        "contentHash": "ErHZNGBhPd7CmTgwpS3DI5dqNOcFKvmsR2vEo0L8te+14bdM5ZR3vfspOvCgHytC16HF1k3wuoLBF8p+iVfoiw==",
        "dependencies": {
          "ElementalAnnotations-Core": "1.0.1"
        }
      },
      "Microsoft.CodeAnalysis.Analyzers": {
        "type": "Transitive",
        "resolved": "5.9.0-1.26328.17",
        "contentHash": "HP9NNk8ZjOSI2hgOyXnQg+kv7/X837Vr2nAlXiGAtqtYnYKjRRa1UmQFr8KFs5ynGYKqfbb8zB9APoWjiAGdMg=="
      },
      "Microsoft.CodeAnalysis.Common": {
        "type": "Transitive",
        "resolved": "5.9.0",
        "contentHash": "IYaIaUWdIx539AReKZOBEqTskFusZfCh/wFSPilDvCn5Say8MegLw2LONcSIcVy+v3Gzv53qYBspgvBGSErfbQ==",
        "dependencies": {
          "Microsoft.CodeAnalysis.Analyzers": "5.9.0-1.26328.17"
        }
      },
      "Microsoft.CodeAnalysis.CSharp": {
        "type": "Transitive",
        "resolved": "5.9.0",
        "contentHash": "7JGDA0UT1+h7k9ZcA3rF4eFC8+QPq1xyYaXxag4p8r/zzPurEJxvdi7aM+MRL/SfP7XADXpWF/pl/eUYXOq/ww==",
        "dependencies": {
          "Microsoft.CodeAnalysis.Analyzers": "5.9.0-1.26328.17",
          "Microsoft.CodeAnalysis.Common": "[5.9.0]"
        }
      },
      "sylphyhorn.core": {
        "type": "Project"
      },
      "virtualdesktop": {
        "type": "Project",
        "dependencies": {
          "Microsoft.CodeAnalysis.CSharp": "[5.9.0, )"
        }
      },
      "virtualdesktop.wpf": {
        "type": "Project",
        "dependencies": {
          "VirtualDesktop": "[4.0.1, )"
        }
      }
    },
    "net10.0-windows10.0.26100/win-arm64": {
      "System.Management": {
        "type": "Direct",
        "requested": "[10.0.12, )",
        "resolved": "10.0.12",
        "contentHash": "ApUsYmsNG8aPiMxsO6ROGZnqJwSZY8zeMlAQcuQg+ilPFUcIyBUC0BL8qA6wmPLNVsvL4nyhUrhhxh6qn0cx0Q=="
      }
    },
    "net10.0-windows10.0.26100/win-x64": {
      "System.Management": {
        "type": "Direct",
        "requested": "[10.0.12, )",
        "resolved": "10.0.12",
        "contentHash": "ApUsYmsNG8aPiMxsO6ROGZnqJwSZY8zeMlAQcuQg+ilPFUcIyBUC0BL8qA6wmPLNVsvL4nyhUrhhxh6qn0cx0Q=="
      }
    },
    "net10.0-windows10.0.26100/win-x86": {
      "System.Management": {
        "type": "Direct",
        "requested": "[10.0.12, )",
        "resolved": "10.0.12",
        "contentHash": "ApUsYmsNG8aPiMxsO6ROGZnqJwSZY8zeMlAQcuQg+ilPFUcIyBUC0BL8qA6wmPLNVsvL4nyhUrhhxh6qn0cx0Q=="
      }
    }
  }
}